
Microsoft Visual Studio Solution File, Format Version 12.00
# Visual Studio Version 17
VisualStudioVersion = 17.13.35931.197 d17.13
MinimumVisualStudioVersion = 10.0.40219.1
Project("{FAE04EC0-301F-11D3-BF4B-00C04F79EFBC}") = "01.ReversedNumbers", "01.ReversedNumbers\01.ReversedNumbers.csproj", "{51FD9473-D05F-4D99-A2AF-32ABD0FAF1A2}"
EndProject
Project("{FAE04EC0-301F-11D3-BF4B-00C04F79EFBC}") = "02.CenturiesToMinutes", "..\02.CenturiesToMinutes\02.CenturiesToMinutes.csproj", "{CDF6FE26-55EA-41EB-B94E-7A6191A4A2D9}"
EndProject
Project("{FAE04EC0-301F-11D3-BF4B-00C04F79EFBC}") = "03.Redecorating", "03.Redecorating\03.Redecorating.csproj", "{B5AFC0A7-F125-4A44-9091-D23E6453EA76}"
EndProject
Project("{FAE04EC0-301F-11D3-BF4B-00C04F79EFBC}") = "04.FoodDelivery", "04.FoodDelivery\04.FoodDelivery.csproj", "{8A3F5E7C-4657-4632-B003-73DE7D13F68E}"
EndProject
Project("{FAE04EC0-301F-11D3-BF4B-00C04F79EFBC}") = "05.BasketballEquipment", "..\05.BasketballEquipment\05.BasketballEquipment.csproj", "{8125FC15-08E5-4090-A3CB-E76A851F2B99}"
EndProject
Project("{FAE04EC0-301F-11D3-BF4B-00C04F79EFBC}") = "06.Aquarium", "06.Aquarium\06.Aquarium.csproj", "{39223284-0EA6-4416-BD98-AC9C771F6B4C}"
EndProject
Global
	GlobalSection(SolutionConfigurationPlatforms) = preSolution
		Debug|Any CPU = Debug|Any CPU
		Release|Any CPU = Release|Any CPU
	EndGlobalSection
	GlobalSection(ProjectConfigurationPlatforms) = postSolution
		{51FD9473-D05F-4D99-A2AF-32ABD0FAF1A2}.Debug|Any CPU.ActiveCfg = Debug|Any CPU
		{51FD9473-D05F-4D99-A2AF-32ABD0FAF1A2}.Debug|Any CPU.Build.0 = Debug|Any CPU
		{51FD9473-D05F-4D99-A2AF-32ABD0FAF1A2}.Release|Any CPU.ActiveCfg = Release|Any CPU
		{51FD9473-D05F-4D99-A2AF-32ABD0FAF1A2}.Release|Any CPU.Build.0 = Release|Any CPU
		{CDF6FE26-55EA-41EB-B94E-7A6191A4A2D9}.Debug|Any CPU.ActiveCfg = Debug|Any CPU
		{CDF6FE26-55EA-41EB-B94E-7A6191A4A2D9}.Debug|Any CPU.Build.0 = Debug|Any CPU
		{CDF6FE26-55EA-41EB-B94E-7A6191A4A2D9}.Release|Any CPU.ActiveCfg = Release|Any CPU
		{CDF6FE26-55EA-41EB-B94E-7A6191A4A2D9}.Release|Any CPU.Build.0 = Release|Any CPU
		{B5AFC0A7-F125-4A44-9091-D23E6453EA76}.Debug|Any CPU.ActiveCfg = Debug|Any CPU
		{B5AFC0A7-F125-4A44-9091-D23E6453EA76}.Debug|Any CPU.Build.0 = Debug|Any CPU
		{B5AFC0A7-F125-4A44-9091-D23E6453EA76}.Release|Any CPU.ActiveCfg = Release|Any CPU
		{B5AFC0A7-F125-4A44-9091-D23E6453EA76}.Release|Any CPU.Build.0 = Release|Any CPU
		{8A3F5E7C-4657-4632-B003-73DE7D13F68E}.Debug|Any CPU.ActiveCfg = Debug|Any CPU
		{8A3F5E7C-4657-4632-B003-73DE7D13F68E}.Debug|Any CPU.Build.0 = Debug|Any CPU
		{8A3F5E7C-4657-4632-B003-73DE7D13F68E}.Release|Any CPU.ActiveCfg = Release|Any CPU
		{8A3F5E7C-4657-4632-B003-73DE7D13F68E}.Release|Any CPU.Build.0 = Release|Any CPU
		{8125FC15-08E5-4090-A3CB-E76A851F2B99}.Debug|Any CPU.ActiveCfg = Debug|Any CPU
		{8125FC15-08E5-4090-A3CB-E76A851F2B99}.Debug|Any CPU.Build.0 = Debug|Any CPU
		{8125FC15-08E5-4090-A3CB-E76A851F2B99}.Release|Any CPU.ActiveCfg = Release|Any CPU
		{8125FC15-08E5-4090-A3CB-E76A851F2B99}.Release|Any CPU.Build.0 = Release|Any CPU
		{39223284-0EA6-4416-BD98-AC9C771F6B4C}.Debug|Any CPU.ActiveCfg = Debug|Any CPU
		{39223284-0EA6-4416-BD98-AC9C771F6B4C}.Debug|Any CPU.Build.0 = Debug|Any CPU
		{39223284-0EA6-4416-BD98-AC9C771F6B4C}.Release|Any CPU.ActiveCfg = Release|Any CPU
		{39223284-0EA6-4416-BD98-AC9C771F6B4C}.Release|Any CPU.Build.0 = Release|Any CPU
	EndGlobalSection
	GlobalSection(SolutionProperties) = preSolution
		HideSolutionNode = FALSE
	EndGlobalSection
	GlobalSection(ExtensibilityGlobals) = postSolution
		SolutionGuid = {F5F3AECA-E572-4954-BA45-248BD694986E}
	EndGlobalSection
EndGlobal
