
Microsoft Visual Studio Solution File, Format Version 12.00
# Visual Studio Version 17
VisualStudioVersion = 17.13.35931.197 d17.13
MinimumVisualStudioVersion = 10.0.40219.1
Project("{FAE04EC0-301F-11D3-BF4B-00C04F79EFBC}") = "00.Demo", "00.Demo\00.Demo.csproj", "{404E1660-70E4-4E10-AB49-13D653885462}"
EndProject
Project("{FAE04EC0-301F-11D3-BF4B-00C04F79EFBC}") = "01.HelloC#", "01.HelloC#\01.HelloC#.csproj", "{6305726B-BFBC-449F-AD35-D269BC509E8E}"
EndProject
Project("{FAE04EC0-301F-11D3-BF4B-00C04F79EFBC}") = "02.Print5By5", "02.Print5By5\02.Print5By5.csproj", "{8BCBEF2B-B431-4924-9C4A-77A5213C2FC9}"
EndProject
Project("{FAE04EC0-301F-11D3-BF4B-00C04F79EFBC}") = "03.NameAndExpression", "03.NameAndExpression\03.NameAndExpression.csproj", "{FEABA360-102B-438E-B603-763FFD5B7EE6}"
EndProject
Project("{FAE04EC0-301F-11D3-BF4B-00C04F79EFBC}") = "02.Calculations", "02.Calculations\02.Calculations.csproj", "{1BA852B4-FCC9-4D0B-863A-9DE428DB3BD4}"
EndProject
Project("{FAE04EC0-301F-11D3-BF4B-00C04F79EFBC}") = "05.Greeting", "05.Greeting\05.Greeting.csproj", "{16FCC7D5-1348-43D8-9A7A-129789B7B659}"
EndProject
Project("{FAE04EC0-301F-11D3-BF4B-00C04F79EFBC}") = "06.CustomerInfo", "06.CustomerInfo\06.CustomerInfo.csproj", "{BFA1D34E-CD00-4CFE-B0B2-390F2251E2EA}"
EndProject
Project("{FAE04EC0-301F-11D3-BF4B-00C04F79EFBC}") = "07.PersonInfo", "07.PersonInfo\07.PersonInfo.csproj", "{9FF6A38A-E145-450C-A740-2AF72D036A7C}"
EndProject
Project("{FAE04EC0-301F-11D3-BF4B-00C04F79EFBC}") = "08.TownInfo", "08.TownInfo\08.TownInfo.csproj", "{49A63398-8314-4BEC-A442-873E2923A400}"
EndProject
Project("{FAE04EC0-301F-11D3-BF4B-00C04F79EFBC}") = "09.DaysInMinutes", "09.DaysInMinutes\09.DaysInMinutes.csproj", "{9B474DBC-D027-4446-B64F-509BEBC7C91D}"
EndProject
Project("{FAE04EC0-301F-11D3-BF4B-00C04F79EFBC}") = "10.CalculateSpeed", "10.CalculateSpeed\10.CalculateSpeed.csproj", "{252DC93F-D1C0-4C4E-A08A-D9BF47393B23}"
EndProject
Global
	GlobalSection(SolutionConfigurationPlatforms) = preSolution
		Debug|Any CPU = Debug|Any CPU
		Release|Any CPU = Release|Any CPU
	EndGlobalSection
	GlobalSection(ProjectConfigurationPlatforms) = postSolution
		{404E1660-70E4-4E10-AB49-13D653885462}.Debug|Any CPU.ActiveCfg = Debug|Any CPU
		{404E1660-70E4-4E10-AB49-13D653885462}.Debug|Any CPU.Build.0 = Debug|Any CPU
		{404E1660-70E4-4E10-AB49-13D653885462}.Release|Any CPU.ActiveCfg = Release|Any CPU
		{404E1660-70E4-4E10-AB49-13D653885462}.Release|Any CPU.Build.0 = Release|Any CPU
		{6305726B-BFBC-449F-AD35-D269BC509E8E}.Debug|Any CPU.ActiveCfg = Debug|Any CPU
		{6305726B-BFBC-449F-AD35-D269BC509E8E}.Debug|Any CPU.Build.0 = Debug|Any CPU
		{6305726B-BFBC-449F-AD35-D269BC509E8E}.Release|Any CPU.ActiveCfg = Release|Any CPU
		{6305726B-BFBC-449F-AD35-D269BC509E8E}.Release|Any CPU.Build.0 = Release|Any CPU
		{8BCBEF2B-B431-4924-9C4A-77A5213C2FC9}.Debug|Any CPU.ActiveCfg = Debug|Any CPU
		{8BCBEF2B-B431-4924-9C4A-77A5213C2FC9}.Debug|Any CPU.Build.0 = Debug|Any CPU
		{8BCBEF2B-B431-4924-9C4A-77A5213C2FC9}.Release|Any CPU.ActiveCfg = Release|Any CPU
		{8BCBEF2B-B431-4924-9C4A-77A5213C2FC9}.Release|Any CPU.Build.0 = Release|Any CPU
		{FEABA360-102B-438E-B603-763FFD5B7EE6}.Debug|Any CPU.ActiveCfg = Debug|Any CPU
		{FEABA360-102B-438E-B603-763FFD5B7EE6}.Debug|Any CPU.Build.0 = Debug|Any CPU
		{FEABA360-102B-438E-B603-763FFD5B7EE6}.Release|Any CPU.ActiveCfg = Release|Any CPU
		{FEABA360-102B-438E-B603-763FFD5B7EE6}.Release|Any CPU.Build.0 = Release|Any CPU
		{1BA852B4-FCC9-4D0B-863A-9DE428DB3BD4}.Debug|Any CPU.ActiveCfg = Debug|Any CPU
		{1BA852B4-FCC9-4D0B-863A-9DE428DB3BD4}.Debug|Any CPU.Build.0 = Debug|Any CPU
		{1BA852B4-FCC9-4D0B-863A-9DE428DB3BD4}.Release|Any CPU.ActiveCfg = Release|Any CPU
		{1BA852B4-FCC9-4D0B-863A-9DE428DB3BD4}.Release|Any CPU.Build.0 = Release|Any CPU
		{16FCC7D5-1348-43D8-9A7A-129789B7B659}.Debug|Any CPU.ActiveCfg = Debug|Any CPU
		{16FCC7D5-1348-43D8-9A7A-129789B7B659}.Debug|Any CPU.Build.0 = Debug|Any CPU
		{16FCC7D5-1348-43D8-9A7A-129789B7B659}.Release|Any CPU.ActiveCfg = Release|Any CPU
		{16FCC7D5-1348-43D8-9A7A-129789B7B659}.Release|Any CPU.Build.0 = Release|Any CPU
		{BFA1D34E-CD00-4CFE-B0B2-390F2251E2EA}.Debug|Any CPU.ActiveCfg = Debug|Any CPU
		{BFA1D34E-CD00-4CFE-B0B2-390F2251E2EA}.Debug|Any CPU.Build.0 = Debug|Any CPU
		{BFA1D34E-CD00-4CFE-B0B2-390F2251E2EA}.Release|Any CPU.ActiveCfg = Release|Any CPU
		{BFA1D34E-CD00-4CFE-B0B2-390F2251E2EA}.Release|Any CPU.Build.0 = Release|Any CPU
		{9FF6A38A-E145-450C-A740-2AF72D036A7C}.Debug|Any CPU.ActiveCfg = Debug|Any CPU
		{9FF6A38A-E145-450C-A740-2AF72D036A7C}.Debug|Any CPU.Build.0 = Debug|Any CPU
		{9FF6A38A-E145-450C-A740-2AF72D036A7C}.Release|Any CPU.ActiveCfg = Release|Any CPU
		{9FF6A38A-E145-450C-A740-2AF72D036A7C}.Release|Any CPU.Build.0 = Release|Any CPU
		{49A63398-8314-4BEC-A442-873E2923A400}.Debug|Any CPU.ActiveCfg = Debug|Any CPU
		{49A63398-8314-4BEC-A442-873E2923A400}.Debug|Any CPU.Build.0 = Debug|Any CPU
		{49A63398-8314-4BEC-A442-873E2923A400}.Release|Any CPU.ActiveCfg = Release|Any CPU
		{49A63398-8314-4BEC-A442-873E2923A400}.Release|Any CPU.Build.0 = Release|Any CPU
		{9B474DBC-D027-4446-B64F-509BEBC7C91D}.Debug|Any CPU.ActiveCfg = Debug|Any CPU
		{9B474DBC-D027-4446-B64F-509BEBC7C91D}.Debug|Any CPU.Build.0 = Debug|Any CPU
		{9B474DBC-D027-4446-B64F-509BEBC7C91D}.Release|Any CPU.ActiveCfg = Release|Any CPU
		{9B474DBC-D027-4446-B64F-509BEBC7C91D}.Release|Any CPU.Build.0 = Release|Any CPU
		{252DC93F-D1C0-4C4E-A08A-D9BF47393B23}.Debug|Any CPU.ActiveCfg = Debug|Any CPU
		{252DC93F-D1C0-4C4E-A08A-D9BF47393B23}.Debug|Any CPU.Build.0 = Debug|Any CPU
		{252DC93F-D1C0-4C4E-A08A-D9BF47393B23}.Release|Any CPU.ActiveCfg = Release|Any CPU
		{252DC93F-D1C0-4C4E-A08A-D9BF47393B23}.Release|Any CPU.Build.0 = Release|Any CPU
	EndGlobalSection
	GlobalSection(SolutionProperties) = preSolution
		HideSolutionNode = FALSE
	EndGlobalSection
	GlobalSection(ExtensibilityGlobals) = postSolution
		SolutionGuid = {AA675A95-584F-417A-8446-9FBDC37D3AA7}
	EndGlobalSection
EndGlobal
