
Microsoft Visual Studio Solution File, Format Version 12.00
# Visual Studio Version 17
VisualStudioVersion = 17.14.36212.18 d17.14
MinimumVisualStudioVersion = 10.0.40219.1
Project("{FAE04EC0-301F-11D3-BF4B-00C04F79EFBC}") = "00.Demo", "00.Demo\00.Demo.csproj", "{0D071B8A-026B-44C0-AC7F-36CCA667B5C9}"
EndProject
Project("{FAE04EC0-301F-11D3-BF4B-00C04F79EFBC}") = "01.", "01\01..csproj", "{EB9DF0CB-590C-4791-864D-50C996CEF805}"
EndProject
Project("{FAE04EC0-301F-11D3-BF4B-00C04F79EFBC}") = "02.", "02\02..csproj", "{FFA1EDBB-6959-4303-83F6-6F80EAA91876}"
EndProject
Global
	GlobalSection(SolutionConfigurationPlatforms) = preSolution
		Debug|Any CPU = Debug|Any CPU
		Release|Any CPU = Release|Any CPU
	EndGlobalSection
	GlobalSection(ProjectConfigurationPlatforms) = postSolution
		{0D071B8A-026B-44C0-AC7F-36CCA667B5C9}.Debug|Any CPU.ActiveCfg = Debug|Any CPU
		{0D071B8A-026B-44C0-AC7F-36CCA667B5C9}.Debug|Any CPU.Build.0 = Debug|Any CPU
		{0D071B8A-026B-44C0-AC7F-36CCA667B5C9}.Release|Any CPU.ActiveCfg = Release|Any CPU
		{0D071B8A-026B-44C0-AC7F-36CCA667B5C9}.Release|Any CPU.Build.0 = Release|Any CPU
		{EB9DF0CB-590C-4791-864D-50C996CEF805}.Debug|Any CPU.ActiveCfg = Debug|Any CPU
		{EB9DF0CB-590C-4791-864D-50C996CEF805}.Debug|Any CPU.Build.0 = Debug|Any CPU
		{EB9DF0CB-590C-4791-864D-50C996CEF805}.Release|Any CPU.ActiveCfg = Release|Any CPU
		{EB9DF0CB-590C-4791-864D-50C996CEF805}.Release|Any CPU.Build.0 = Release|Any CPU
		{FFA1EDBB-6959-4303-83F6-6F80EAA91876}.Debug|Any CPU.ActiveCfg = Debug|Any CPU
		{FFA1EDBB-6959-4303-83F6-6F80EAA91876}.Debug|Any CPU.Build.0 = Debug|Any CPU
		{FFA1EDBB-6959-4303-83F6-6F80EAA91876}.Release|Any CPU.ActiveCfg = Release|Any CPU
		{FFA1EDBB-6959-4303-83F6-6F80EAA91876}.Release|Any CPU.Build.0 = Release|Any CPU
	EndGlobalSection
	GlobalSection(SolutionProperties) = preSolution
		HideSolutionNode = FALSE
	EndGlobalSection
	GlobalSection(ExtensibilityGlobals) = postSolution
		SolutionGuid = {9BCE53C0-D9FC-403A-8D23-F09BA3401CFA}
	EndGlobalSection
EndGlobal
