
Microsoft Visual Studio Solution File, Format Version 12.00
# Visual Studio Version 17
VisualStudioVersion = 17.13.36105.23 d17.13
MinimumVisualStudioVersion = 10.0.40219.1
Project("{FAE04EC0-301F-11D3-BF4B-00C04F79EFBC}") = "00.Demo", "00.Demo\00.Demo.csproj", "{E4784A7B-DEF7-4732-B2DA-6AFC044C79D9}"
EndProject
Project("{FAE04EC0-301F-11D3-BF4B-00C04F79EFBC}") = "01.FreezingWeather", "01.FreezingWeather\01.FreezingWeather.csproj", "{CB3E123D-F7D6-4E56-B548-E3A635357875}"
EndProject
Project("{FAE04EC0-301F-11D3-BF4B-00C04F79EFBC}") = "02.EvenOrOdd", "02.EvenOrOdd\02.EvenOrOdd.csproj", "{C108B649-E03B-47D3-980B-4FFD57109728}"
EndProject
Project("{FAE04EC0-301F-11D3-BF4B-00C04F79EFBC}") = "03.Number1To9AsWords", "03.Number1To9AsWords\03.Number1To9AsWords.csproj", "{22FD83E3-50D2-47DE-A904-58B4F6C394BB}"
EndProject
Project("{FAE04EC0-301F-11D3-BF4B-00C04F79EFBC}") = "04.GreaterNumber", "04.GreaterNumber\04.GreaterNumber.csproj", "{310134B6-45B9-40D0-A482-35D46C92142F}"
EndProject
Project("{FAE04EC0-301F-11D3-BF4B-00C04F79EFBC}") = "05.GuessThePassword", "05.GuessThePassword\05.GuessThePassword.csproj", "{9F67A3B7-5F9E-4CAE-9402-6C842C5AB7E8}"
EndProject
Project("{FAE04EC0-301F-11D3-BF4B-00C04F79EFBC}") = "06.BoilingWater", "06.BoilingWater\06.BoilingWater.csproj", "{D4EB4BF8-54E8-410C-933A-3A90B77E2675}"
EndProject
Project("{FAE04EC0-301F-11D3-BF4B-00C04F79EFBC}") = "07.SpeedInfo", "07.SpeedInfo\07.SpeedInfo.csproj", "{15C2445B-195C-498D-B0A7-9321578A6C81}"
EndProject
Project("{FAE04EC0-301F-11D3-BF4B-00C04F79EFBC}") = "08.TicketPrice", "08.TicketPrice\08.TicketPrice.csproj", "{C8394207-5F0F-4514-AD41-40F3EFDAC697}"
EndProject
Project("{FAE04EC0-301F-11D3-BF4B-00C04F79EFBC}") = "09.ValidTriangle", "09.ValidTriangle\09.ValidTriangle.csproj", "{B5B5444E-7D68-4328-AC4E-3B842E501BD9}"
EndProject
Global
	GlobalSection(SolutionConfigurationPlatforms) = preSolution
		Debug|Any CPU = Debug|Any CPU
		Release|Any CPU = Release|Any CPU
	EndGlobalSection
	GlobalSection(ProjectConfigurationPlatforms) = postSolution
		{E4784A7B-DEF7-4732-B2DA-6AFC044C79D9}.Debug|Any CPU.ActiveCfg = Debug|Any CPU
		{E4784A7B-DEF7-4732-B2DA-6AFC044C79D9}.Debug|Any CPU.Build.0 = Debug|Any CPU
		{E4784A7B-DEF7-4732-B2DA-6AFC044C79D9}.Release|Any CPU.ActiveCfg = Release|Any CPU
		{E4784A7B-DEF7-4732-B2DA-6AFC044C79D9}.Release|Any CPU.Build.0 = Release|Any CPU
		{CB3E123D-F7D6-4E56-B548-E3A635357875}.Debug|Any CPU.ActiveCfg = Debug|Any CPU
		{CB3E123D-F7D6-4E56-B548-E3A635357875}.Debug|Any CPU.Build.0 = Debug|Any CPU
		{CB3E123D-F7D6-4E56-B548-E3A635357875}.Release|Any CPU.ActiveCfg = Release|Any CPU
		{CB3E123D-F7D6-4E56-B548-E3A635357875}.Release|Any CPU.Build.0 = Release|Any CPU
		{C108B649-E03B-47D3-980B-4FFD57109728}.Debug|Any CPU.ActiveCfg = Debug|Any CPU
		{C108B649-E03B-47D3-980B-4FFD57109728}.Debug|Any CPU.Build.0 = Debug|Any CPU
		{C108B649-E03B-47D3-980B-4FFD57109728}.Release|Any CPU.ActiveCfg = Release|Any CPU
		{C108B649-E03B-47D3-980B-4FFD57109728}.Release|Any CPU.Build.0 = Release|Any CPU
		{22FD83E3-50D2-47DE-A904-58B4F6C394BB}.Debug|Any CPU.ActiveCfg = Debug|Any CPU
		{22FD83E3-50D2-47DE-A904-58B4F6C394BB}.Debug|Any CPU.Build.0 = Debug|Any CPU
		{22FD83E3-50D2-47DE-A904-58B4F6C394BB}.Release|Any CPU.ActiveCfg = Release|Any CPU
		{22FD83E3-50D2-47DE-A904-58B4F6C394BB}.Release|Any CPU.Build.0 = Release|Any CPU
		{310134B6-45B9-40D0-A482-35D46C92142F}.Debug|Any CPU.ActiveCfg = Debug|Any CPU
		{310134B6-45B9-40D0-A482-35D46C92142F}.Debug|Any CPU.Build.0 = Debug|Any CPU
		{310134B6-45B9-40D0-A482-35D46C92142F}.Release|Any CPU.ActiveCfg = Release|Any CPU
		{310134B6-45B9-40D0-A482-35D46C92142F}.Release|Any CPU.Build.0 = Release|Any CPU
		{9F67A3B7-5F9E-4CAE-9402-6C842C5AB7E8}.Debug|Any CPU.ActiveCfg = Debug|Any CPU
		{9F67A3B7-5F9E-4CAE-9402-6C842C5AB7E8}.Debug|Any CPU.Build.0 = Debug|Any CPU
		{9F67A3B7-5F9E-4CAE-9402-6C842C5AB7E8}.Release|Any CPU.ActiveCfg = Release|Any CPU
		{9F67A3B7-5F9E-4CAE-9402-6C842C5AB7E8}.Release|Any CPU.Build.0 = Release|Any CPU
		{D4EB4BF8-54E8-410C-933A-3A90B77E2675}.Debug|Any CPU.ActiveCfg = Debug|Any CPU
		{D4EB4BF8-54E8-410C-933A-3A90B77E2675}.Debug|Any CPU.Build.0 = Debug|Any CPU
		{D4EB4BF8-54E8-410C-933A-3A90B77E2675}.Release|Any CPU.ActiveCfg = Release|Any CPU
		{D4EB4BF8-54E8-410C-933A-3A90B77E2675}.Release|Any CPU.Build.0 = Release|Any CPU
		{15C2445B-195C-498D-B0A7-9321578A6C81}.Debug|Any CPU.ActiveCfg = Debug|Any CPU
		{15C2445B-195C-498D-B0A7-9321578A6C81}.Debug|Any CPU.Build.0 = Debug|Any CPU
		{15C2445B-195C-498D-B0A7-9321578A6C81}.Release|Any CPU.ActiveCfg = Release|Any CPU
		{15C2445B-195C-498D-B0A7-9321578A6C81}.Release|Any CPU.Build.0 = Release|Any CPU
		{C8394207-5F0F-4514-AD41-40F3EFDAC697}.Debug|Any CPU.ActiveCfg = Debug|Any CPU
		{C8394207-5F0F-4514-AD41-40F3EFDAC697}.Debug|Any CPU.Build.0 = Debug|Any CPU
		{C8394207-5F0F-4514-AD41-40F3EFDAC697}.Release|Any CPU.ActiveCfg = Release|Any CPU
		{C8394207-5F0F-4514-AD41-40F3EFDAC697}.Release|Any CPU.Build.0 = Release|Any CPU
		{B5B5444E-7D68-4328-AC4E-3B842E501BD9}.Debug|Any CPU.ActiveCfg = Debug|Any CPU
		{B5B5444E-7D68-4328-AC4E-3B842E501BD9}.Debug|Any CPU.Build.0 = Debug|Any CPU
		{B5B5444E-7D68-4328-AC4E-3B842E501BD9}.Release|Any CPU.ActiveCfg = Release|Any CPU
		{B5B5444E-7D68-4328-AC4E-3B842E501BD9}.Release|Any CPU.Build.0 = Release|Any CPU
	EndGlobalSection
	GlobalSection(SolutionProperties) = preSolution
		HideSolutionNode = FALSE
	EndGlobalSection
	GlobalSection(ExtensibilityGlobals) = postSolution
		SolutionGuid = {6A87EC45-9F4B-4D73-A7BB-E3136B904458}
	EndGlobalSection
EndGlobal
