
Microsoft Visual Studio Solution File, Format Version 12.00
# Visual Studio Version 17
VisualStudioVersion = 17.13.36105.23 d17.13
MinimumVisualStudioVersion = 10.0.40219.1
Project("{FAE04EC0-301F-11D3-BF4B-00C04F79EFBC}") = "00.Demo", "00.Demo\00.Demo.csproj", "{DDCE46AC-09C2-41BE-A883-D13B378D1F03}"
EndProject
Project("{FAE04EC0-301F-11D3-BF4B-00C04F79EFBC}") = "01.NumbersFromNTo1", "01.NumbersFromNTo1\01.NumbersFromNTo1.csproj", "{4A8ED3FF-23EF-46D1-A0CB-917748D7C6B5}"
EndProject
Project("{FAE04EC0-301F-11D3-BF4B-00C04F79EFBC}") = "02.EvenPowersOf2", "02.EvenPowersOf2\02.EvenPowersOf2.csproj", "{6A056849-FDD2-4D22-A62D-26ED0420B15F}"
EndProject
Project("{FAE04EC0-301F-11D3-BF4B-00C04F79EFBC}") = "03.TriangleOfStars", "03.TriangleOfStars\03.TriangleOfStars.csproj", "{24FF940E-C541-4E85-AF24-C4552C33F9ED}"
EndProject
Project("{FAE04EC0-301F-11D3-BF4B-00C04F79EFBC}") = "04.Building", "04.Building\04.Building.csproj", "{4F2C0196-3FB2-4695-8D01-6BD2B19A5B22}"
EndProject
Project("{FAE04EC0-301F-11D3-BF4B-00C04F79EFBC}") = "05.NumberPyramid", "05.NumberPyramid\05.NumberPyramid.csproj", "{68D1F6F3-DF54-45D6-838B-B8A7908AEDBD}"
EndProject
Project("{FAE04EC0-301F-11D3-BF4B-00C04F79EFBC}") = "06.TravelSavings", "06.TravelSavings\06.TravelSavings.csproj", "{A5F74FAF-2FB8-4284-BB51-D09B12F1A84A}"
EndProject
Project("{FAE04EC0-301F-11D3-BF4B-00C04F79EFBC}") = "07.SumOfDigitsCalculator", "07.SumOfDigitsCalculator\07.SumOfDigitsCalculator.csproj", "{84E4D821-FE91-4ABA-B007-1CAABE1314CB}"
EndProject
Project("{FAE04EC0-301F-11D3-BF4B-00C04F79EFBC}") = "08.PrimeNumbers", "08.PrimeNumbers\08.PrimeNumbers.csproj", "{80FBA3D8-AC94-4471-9AF7-5F564BA38E8E}"
EndProject
Global
	GlobalSection(SolutionConfigurationPlatforms) = preSolution
		Debug|Any CPU = Debug|Any CPU
		Release|Any CPU = Release|Any CPU
	EndGlobalSection
	GlobalSection(ProjectConfigurationPlatforms) = postSolution
		{DDCE46AC-09C2-41BE-A883-D13B378D1F03}.Debug|Any CPU.ActiveCfg = Debug|Any CPU
		{DDCE46AC-09C2-41BE-A883-D13B378D1F03}.Debug|Any CPU.Build.0 = Debug|Any CPU
		{DDCE46AC-09C2-41BE-A883-D13B378D1F03}.Release|Any CPU.ActiveCfg = Release|Any CPU
		{DDCE46AC-09C2-41BE-A883-D13B378D1F03}.Release|Any CPU.Build.0 = Release|Any CPU
		{4A8ED3FF-23EF-46D1-A0CB-917748D7C6B5}.Debug|Any CPU.ActiveCfg = Debug|Any CPU
		{4A8ED3FF-23EF-46D1-A0CB-917748D7C6B5}.Debug|Any CPU.Build.0 = Debug|Any CPU
		{4A8ED3FF-23EF-46D1-A0CB-917748D7C6B5}.Release|Any CPU.ActiveCfg = Release|Any CPU
		{4A8ED3FF-23EF-46D1-A0CB-917748D7C6B5}.Release|Any CPU.Build.0 = Release|Any CPU
		{6A056849-FDD2-4D22-A62D-26ED0420B15F}.Debug|Any CPU.ActiveCfg = Debug|Any CPU
		{6A056849-FDD2-4D22-A62D-26ED0420B15F}.Debug|Any CPU.Build.0 = Debug|Any CPU
		{6A056849-FDD2-4D22-A62D-26ED0420B15F}.Release|Any CPU.ActiveCfg = Release|Any CPU
		{6A056849-FDD2-4D22-A62D-26ED0420B15F}.Release|Any CPU.Build.0 = Release|Any CPU
		{24FF940E-C541-4E85-AF24-C4552C33F9ED}.Debug|Any CPU.ActiveCfg = Debug|Any CPU
		{24FF940E-C541-4E85-AF24-C4552C33F9ED}.Debug|Any CPU.Build.0 = Debug|Any CPU
		{24FF940E-C541-4E85-AF24-C4552C33F9ED}.Release|Any CPU.ActiveCfg = Release|Any CPU
		{24FF940E-C541-4E85-AF24-C4552C33F9ED}.Release|Any CPU.Build.0 = Release|Any CPU
		{4F2C0196-3FB2-4695-8D01-6BD2B19A5B22}.Debug|Any CPU.ActiveCfg = Debug|Any CPU
		{4F2C0196-3FB2-4695-8D01-6BD2B19A5B22}.Debug|Any CPU.Build.0 = Debug|Any CPU
		{4F2C0196-3FB2-4695-8D01-6BD2B19A5B22}.Release|Any CPU.ActiveCfg = Release|Any CPU
		{4F2C0196-3FB2-4695-8D01-6BD2B19A5B22}.Release|Any CPU.Build.0 = Release|Any CPU
		{68D1F6F3-DF54-45D6-838B-B8A7908AEDBD}.Debug|Any CPU.ActiveCfg = Debug|Any CPU
		{68D1F6F3-DF54-45D6-838B-B8A7908AEDBD}.Debug|Any CPU.Build.0 = Debug|Any CPU
		{68D1F6F3-DF54-45D6-838B-B8A7908AEDBD}.Release|Any CPU.ActiveCfg = Release|Any CPU
		{68D1F6F3-DF54-45D6-838B-B8A7908AEDBD}.Release|Any CPU.Build.0 = Release|Any CPU
		{A5F74FAF-2FB8-4284-BB51-D09B12F1A84A}.Debug|Any CPU.ActiveCfg = Debug|Any CPU
		{A5F74FAF-2FB8-4284-BB51-D09B12F1A84A}.Debug|Any CPU.Build.0 = Debug|Any CPU
		{A5F74FAF-2FB8-4284-BB51-D09B12F1A84A}.Release|Any CPU.ActiveCfg = Release|Any CPU
		{A5F74FAF-2FB8-4284-BB51-D09B12F1A84A}.Release|Any CPU.Build.0 = Release|Any CPU
		{84E4D821-FE91-4ABA-B007-1CAABE1314CB}.Debug|Any CPU.ActiveCfg = Debug|Any CPU
		{84E4D821-FE91-4ABA-B007-1CAABE1314CB}.Debug|Any CPU.Build.0 = Debug|Any CPU
		{84E4D821-FE91-4ABA-B007-1CAABE1314CB}.Release|Any CPU.ActiveCfg = Release|Any CPU
		{84E4D821-FE91-4ABA-B007-1CAABE1314CB}.Release|Any CPU.Build.0 = Release|Any CPU
		{80FBA3D8-AC94-4471-9AF7-5F564BA38E8E}.Debug|Any CPU.ActiveCfg = Debug|Any CPU
		{80FBA3D8-AC94-4471-9AF7-5F564BA38E8E}.Debug|Any CPU.Build.0 = Debug|Any CPU
		{80FBA3D8-AC94-4471-9AF7-5F564BA38E8E}.Release|Any CPU.ActiveCfg = Release|Any CPU
		{80FBA3D8-AC94-4471-9AF7-5F564BA38E8E}.Release|Any CPU.Build.0 = Release|Any CPU
	EndGlobalSection
	GlobalSection(SolutionProperties) = preSolution
		HideSolutionNode = FALSE
	EndGlobalSection
	GlobalSection(ExtensibilityGlobals) = postSolution
		SolutionGuid = {47D97A63-2567-4EC3-B4B0-9740CC12EE32}
	EndGlobalSection
EndGlobal
