
Microsoft Visual Studio Solution File, Format Version 12.00
# Visual Studio Version 17
VisualStudioVersion = 17.13.36105.23 d17.13
MinimumVisualStudioVersion = 10.0.40219.1
Project("{FAE04EC0-301F-11D3-BF4B-00C04F79EFBC}") = "00.Demo", "00.Demo\00.Demo.csproj", "{EE43E1DF-E4CB-4221-AF09-C92F9D81AA08}"
EndProject
Project("{FAE04EC0-301F-11D3-BF4B-00C04F79EFBC}") = "01.Marketplace", "01.Marketplace\01.Marketplace.csproj", "{BA12C809-3E2C-49C7-857D-EF3F9088E3B1}"
EndProject
Project("{FAE04EC0-301F-11D3-BF4B-00C04F79EFBC}") = "02.LargestNumberOf3", "02.LargestNumberOf3\02.LargestNumberOf3.csproj", "{A662FF12-5C7A-43C5-ACD6-D5C3BBAD5B34}"
EndProject
Project("{FAE04EC0-301F-11D3-BF4B-00C04F79EFBC}") = "03.BonusScore", "03.BonusScore\03.BonusScore.csproj", "{571095F8-7916-406E-AB1C-90DDC2DEAD25}"
EndProject
Project("{FAE04EC0-301F-11D3-BF4B-00C04F79EFBC}") = "04.FoodOrDrink", "04.FoodOrDrink\04.FoodOrDrink.csproj", "{B1288DFF-4F27-44D8-89C1-B6DC4CD785B2}"
EndProject
Project("{FAE04EC0-301F-11D3-BF4B-00C04F79EFBC}") = "05.InvalidNumber", "05.InvalidNumber\05.InvalidNumber.csproj", "{FB2E41E1-20E6-48FE-A30C-4B8DD6AB26B4}"
EndProject
Project("{FAE04EC0-301F-11D3-BF4B-00C04F79EFBC}") = "06.DayOfWeek", "06.DayOfWeek\06.DayOfWeek.csproj", "{EEF1BB7B-C6D5-44BB-A633-A5E39D9AD494}"
EndProject
Project("{FAE04EC0-301F-11D3-BF4B-00C04F79EFBC}") = "07.VowelOrConsonant", "07.VowelOrConsonant\07.VowelOrConsonant.csproj", "{0A4C27C9-0812-42C1-9A9B-8CCD9751ACD2}"
EndProject
Project("{FAE04EC0-301F-11D3-BF4B-00C04F79EFBC}") = "08.SortedNumbers", "08.SortedNumbers\08.SortedNumbers.csproj", "{3DB6C3E1-18D5-4E79-974E-EF61B9F3D6AF}"
EndProject
Project("{FAE04EC0-301F-11D3-BF4B-00C04F79EFBC}") = "09.Cinema", "09.Cinema\09.Cinema.csproj", "{B3B9B317-C9CF-4BA9-8E3F-160230E10C70}"
EndProject
Global
	GlobalSection(SolutionConfigurationPlatforms) = preSolution
		Debug|Any CPU = Debug|Any CPU
		Release|Any CPU = Release|Any CPU
	EndGlobalSection
	GlobalSection(ProjectConfigurationPlatforms) = postSolution
		{EE43E1DF-E4CB-4221-AF09-C92F9D81AA08}.Debug|Any CPU.ActiveCfg = Debug|Any CPU
		{EE43E1DF-E4CB-4221-AF09-C92F9D81AA08}.Debug|Any CPU.Build.0 = Debug|Any CPU
		{EE43E1DF-E4CB-4221-AF09-C92F9D81AA08}.Release|Any CPU.ActiveCfg = Release|Any CPU
		{EE43E1DF-E4CB-4221-AF09-C92F9D81AA08}.Release|Any CPU.Build.0 = Release|Any CPU
		{BA12C809-3E2C-49C7-857D-EF3F9088E3B1}.Debug|Any CPU.ActiveCfg = Debug|Any CPU
		{BA12C809-3E2C-49C7-857D-EF3F9088E3B1}.Debug|Any CPU.Build.0 = Debug|Any CPU
		{BA12C809-3E2C-49C7-857D-EF3F9088E3B1}.Release|Any CPU.ActiveCfg = Release|Any CPU
		{BA12C809-3E2C-49C7-857D-EF3F9088E3B1}.Release|Any CPU.Build.0 = Release|Any CPU
		{A662FF12-5C7A-43C5-ACD6-D5C3BBAD5B34}.Debug|Any CPU.ActiveCfg = Debug|Any CPU
		{A662FF12-5C7A-43C5-ACD6-D5C3BBAD5B34}.Debug|Any CPU.Build.0 = Debug|Any CPU
		{A662FF12-5C7A-43C5-ACD6-D5C3BBAD5B34}.Release|Any CPU.ActiveCfg = Release|Any CPU
		{A662FF12-5C7A-43C5-ACD6-D5C3BBAD5B34}.Release|Any CPU.Build.0 = Release|Any CPU
		{571095F8-7916-406E-AB1C-90DDC2DEAD25}.Debug|Any CPU.ActiveCfg = Debug|Any CPU
		{571095F8-7916-406E-AB1C-90DDC2DEAD25}.Debug|Any CPU.Build.0 = Debug|Any CPU
		{571095F8-7916-406E-AB1C-90DDC2DEAD25}.Release|Any CPU.ActiveCfg = Release|Any CPU
		{571095F8-7916-406E-AB1C-90DDC2DEAD25}.Release|Any CPU.Build.0 = Release|Any CPU
		{B1288DFF-4F27-44D8-89C1-B6DC4CD785B2}.Debug|Any CPU.ActiveCfg = Debug|Any CPU
		{B1288DFF-4F27-44D8-89C1-B6DC4CD785B2}.Debug|Any CPU.Build.0 = Debug|Any CPU
		{B1288DFF-4F27-44D8-89C1-B6DC4CD785B2}.Release|Any CPU.ActiveCfg = Release|Any CPU
		{B1288DFF-4F27-44D8-89C1-B6DC4CD785B2}.Release|Any CPU.Build.0 = Release|Any CPU
		{FB2E41E1-20E6-48FE-A30C-4B8DD6AB26B4}.Debug|Any CPU.ActiveCfg = Debug|Any CPU
		{FB2E41E1-20E6-48FE-A30C-4B8DD6AB26B4}.Debug|Any CPU.Build.0 = Debug|Any CPU
		{FB2E41E1-20E6-48FE-A30C-4B8DD6AB26B4}.Release|Any CPU.ActiveCfg = Release|Any CPU
		{FB2E41E1-20E6-48FE-A30C-4B8DD6AB26B4}.Release|Any CPU.Build.0 = Release|Any CPU
		{EEF1BB7B-C6D5-44BB-A633-A5E39D9AD494}.Debug|Any CPU.ActiveCfg = Debug|Any CPU
		{EEF1BB7B-C6D5-44BB-A633-A5E39D9AD494}.Debug|Any CPU.Build.0 = Debug|Any CPU
		{EEF1BB7B-C6D5-44BB-A633-A5E39D9AD494}.Release|Any CPU.ActiveCfg = Release|Any CPU
		{EEF1BB7B-C6D5-44BB-A633-A5E39D9AD494}.Release|Any CPU.Build.0 = Release|Any CPU
		{0A4C27C9-0812-42C1-9A9B-8CCD9751ACD2}.Debug|Any CPU.ActiveCfg = Debug|Any CPU
		{0A4C27C9-0812-42C1-9A9B-8CCD9751ACD2}.Debug|Any CPU.Build.0 = Debug|Any CPU
		{0A4C27C9-0812-42C1-9A9B-8CCD9751ACD2}.Release|Any CPU.ActiveCfg = Release|Any CPU
		{0A4C27C9-0812-42C1-9A9B-8CCD9751ACD2}.Release|Any CPU.Build.0 = Release|Any CPU
		{3DB6C3E1-18D5-4E79-974E-EF61B9F3D6AF}.Debug|Any CPU.ActiveCfg = Debug|Any CPU
		{3DB6C3E1-18D5-4E79-974E-EF61B9F3D6AF}.Debug|Any CPU.Build.0 = Debug|Any CPU
		{3DB6C3E1-18D5-4E79-974E-EF61B9F3D6AF}.Release|Any CPU.ActiveCfg = Release|Any CPU
		{3DB6C3E1-18D5-4E79-974E-EF61B9F3D6AF}.Release|Any CPU.Build.0 = Release|Any CPU
		{B3B9B317-C9CF-4BA9-8E3F-160230E10C70}.Debug|Any CPU.ActiveCfg = Debug|Any CPU
		{B3B9B317-C9CF-4BA9-8E3F-160230E10C70}.Debug|Any CPU.Build.0 = Debug|Any CPU
		{B3B9B317-C9CF-4BA9-8E3F-160230E10C70}.Release|Any CPU.ActiveCfg = Release|Any CPU
		{B3B9B317-C9CF-4BA9-8E3F-160230E10C70}.Release|Any CPU.Build.0 = Release|Any CPU
	EndGlobalSection
	GlobalSection(SolutionProperties) = preSolution
		HideSolutionNode = FALSE
	EndGlobalSection
	GlobalSection(ExtensibilityGlobals) = postSolution
		SolutionGuid = {BC64C9B7-F8BC-4516-8E85-89A1BCCF99A9}
	EndGlobalSection
EndGlobal
