
Microsoft Visual Studio Solution File, Format Version 12.00
# Visual Studio Version 17
VisualStudioVersion = 17.13.36105.23 d17.13
MinimumVisualStudioVersion = 10.0.40219.1
Project("{FAE04EC0-301F-11D3-BF4B-00C04F79EFBC}") = "00.Demo", "00.Demo\00.Demo.csproj", "{AC09EA3D-7BBA-4F7C-B919-9F2D23E105EC}"
EndProject
Project("{FAE04EC0-301F-11D3-BF4B-00C04F79EFBC}") = "01.NumberType", "01.NumberType\01.NumberType.csproj", "{3F607BE0-A590-45D6-9CD7-272C87C11B07}"
EndProject
Project("{FAE04EC0-301F-11D3-BF4B-00C04F79EFBC}") = "02.ATM", "02.ATM\02.ATM.csproj", "{8A751A45-E54D-459E-A061-004DE98A436B}"
EndProject
Project("{FAE04EC0-301F-11D3-BF4B-00C04F79EFBC}") = "03.BiggestOfFiveNumbers", "03.BiggestOfFiveNumbers\03.BiggestOfFiveNumbers.csproj", "{7CAACEB7-26F1-49BB-8233-EB52876E63A7}"
EndProject
Project("{FAE04EC0-301F-11D3-BF4B-00C04F79EFBC}") = "04.NumberOperations", "04.NumberOperations\04.NumberOperations.csproj", "{12518507-EFCE-4204-AA65-A864FC3330D1}"
EndProject
Project("{FAE04EC0-301F-11D3-BF4B-00C04F79EFBC}") = "05.VacationExpenses", "05.VacationExpenses\05.VacationExpenses.csproj", "{181826E6-DEBC-4501-BAC1-92C498BFA57D}"
EndProject
Project("{FAE04EC0-301F-11D3-BF4B-00C04F79EFBC}") = "06.ProductOfThreeNumbers", "06.ProductOfThreeNumbers\06.ProductOfThreeNumbers.csproj", "{E6FA91AA-F6F8-4485-AC63-A8D2DE74E47E}"
EndProject
Project("{FAE04EC0-301F-11D3-BF4B-00C04F79EFBC}") = "07.WorkingHours", "07.WorkingHours\07.WorkingHours.csproj", "{2A151974-6ACB-4AAB-A5CF-F0762B4A12AC}"
EndProject
Project("{FAE04EC0-301F-11D3-BF4B-00C04F79EFBC}") = "10.SummerOutfit", "08.FruitOrVegetable\10.SummerOutfit.csproj", "{0E5532AF-01C9-4D6B-AFEF-7BFC4BBE4C69}"
EndProject
Project("{FAE04EC0-301F-11D3-BF4B-00C04F79EFBC}") = "09.SumSeconds", "09.SumSeconds\09.SumSeconds.csproj", "{7E76C3E0-83D2-4A24-99D6-5C216553065A}"
EndProject
Project("{FAE04EC0-301F-11D3-BF4B-00C04F79EFBC}") = "08.FruitOrVegetable", "10.SummerOutfit\08.FruitOrVegetable.csproj", "{D34EBE11-3694-4D44-9673-2B2DA6F7FB55}"
EndProject
Global
	GlobalSection(SolutionConfigurationPlatforms) = preSolution
		Debug|Any CPU = Debug|Any CPU
		Release|Any CPU = Release|Any CPU
	EndGlobalSection
	GlobalSection(ProjectConfigurationPlatforms) = postSolution
		{AC09EA3D-7BBA-4F7C-B919-9F2D23E105EC}.Debug|Any CPU.ActiveCfg = Debug|Any CPU
		{AC09EA3D-7BBA-4F7C-B919-9F2D23E105EC}.Debug|Any CPU.Build.0 = Debug|Any CPU
		{AC09EA3D-7BBA-4F7C-B919-9F2D23E105EC}.Release|Any CPU.ActiveCfg = Release|Any CPU
		{AC09EA3D-7BBA-4F7C-B919-9F2D23E105EC}.Release|Any CPU.Build.0 = Release|Any CPU
		{3F607BE0-A590-45D6-9CD7-272C87C11B07}.Debug|Any CPU.ActiveCfg = Debug|Any CPU
		{3F607BE0-A590-45D6-9CD7-272C87C11B07}.Debug|Any CPU.Build.0 = Debug|Any CPU
		{3F607BE0-A590-45D6-9CD7-272C87C11B07}.Release|Any CPU.ActiveCfg = Release|Any CPU
		{3F607BE0-A590-45D6-9CD7-272C87C11B07}.Release|Any CPU.Build.0 = Release|Any CPU
		{8A751A45-E54D-459E-A061-004DE98A436B}.Debug|Any CPU.ActiveCfg = Debug|Any CPU
		{8A751A45-E54D-459E-A061-004DE98A436B}.Debug|Any CPU.Build.0 = Debug|Any CPU
		{8A751A45-E54D-459E-A061-004DE98A436B}.Release|Any CPU.ActiveCfg = Release|Any CPU
		{8A751A45-E54D-459E-A061-004DE98A436B}.Release|Any CPU.Build.0 = Release|Any CPU
		{7CAACEB7-26F1-49BB-8233-EB52876E63A7}.Debug|Any CPU.ActiveCfg = Debug|Any CPU
		{7CAACEB7-26F1-49BB-8233-EB52876E63A7}.Debug|Any CPU.Build.0 = Debug|Any CPU
		{7CAACEB7-26F1-49BB-8233-EB52876E63A7}.Release|Any CPU.ActiveCfg = Release|Any CPU
		{7CAACEB7-26F1-49BB-8233-EB52876E63A7}.Release|Any CPU.Build.0 = Release|Any CPU
		{12518507-EFCE-4204-AA65-A864FC3330D1}.Debug|Any CPU.ActiveCfg = Debug|Any CPU
		{12518507-EFCE-4204-AA65-A864FC3330D1}.Debug|Any CPU.Build.0 = Debug|Any CPU
		{12518507-EFCE-4204-AA65-A864FC3330D1}.Release|Any CPU.ActiveCfg = Release|Any CPU
		{12518507-EFCE-4204-AA65-A864FC3330D1}.Release|Any CPU.Build.0 = Release|Any CPU
		{181826E6-DEBC-4501-BAC1-92C498BFA57D}.Debug|Any CPU.ActiveCfg = Debug|Any CPU
		{181826E6-DEBC-4501-BAC1-92C498BFA57D}.Debug|Any CPU.Build.0 = Debug|Any CPU
		{181826E6-DEBC-4501-BAC1-92C498BFA57D}.Release|Any CPU.ActiveCfg = Release|Any CPU
		{181826E6-DEBC-4501-BAC1-92C498BFA57D}.Release|Any CPU.Build.0 = Release|Any CPU
		{E6FA91AA-F6F8-4485-AC63-A8D2DE74E47E}.Debug|Any CPU.ActiveCfg = Debug|Any CPU
		{E6FA91AA-F6F8-4485-AC63-A8D2DE74E47E}.Debug|Any CPU.Build.0 = Debug|Any CPU
		{E6FA91AA-F6F8-4485-AC63-A8D2DE74E47E}.Release|Any CPU.ActiveCfg = Release|Any CPU
		{E6FA91AA-F6F8-4485-AC63-A8D2DE74E47E}.Release|Any CPU.Build.0 = Release|Any CPU
		{2A151974-6ACB-4AAB-A5CF-F0762B4A12AC}.Debug|Any CPU.ActiveCfg = Debug|Any CPU
		{2A151974-6ACB-4AAB-A5CF-F0762B4A12AC}.Debug|Any CPU.Build.0 = Debug|Any CPU
		{2A151974-6ACB-4AAB-A5CF-F0762B4A12AC}.Release|Any CPU.ActiveCfg = Release|Any CPU
		{2A151974-6ACB-4AAB-A5CF-F0762B4A12AC}.Release|Any CPU.Build.0 = Release|Any CPU
		{0E5532AF-01C9-4D6B-AFEF-7BFC4BBE4C69}.Debug|Any CPU.ActiveCfg = Debug|Any CPU
		{0E5532AF-01C9-4D6B-AFEF-7BFC4BBE4C69}.Debug|Any CPU.Build.0 = Debug|Any CPU
		{0E5532AF-01C9-4D6B-AFEF-7BFC4BBE4C69}.Release|Any CPU.ActiveCfg = Release|Any CPU
		{0E5532AF-01C9-4D6B-AFEF-7BFC4BBE4C69}.Release|Any CPU.Build.0 = Release|Any CPU
		{7E76C3E0-83D2-4A24-99D6-5C216553065A}.Debug|Any CPU.ActiveCfg = Debug|Any CPU
		{7E76C3E0-83D2-4A24-99D6-5C216553065A}.Debug|Any CPU.Build.0 = Debug|Any CPU
		{7E76C3E0-83D2-4A24-99D6-5C216553065A}.Release|Any CPU.ActiveCfg = Release|Any CPU
		{7E76C3E0-83D2-4A24-99D6-5C216553065A}.Release|Any CPU.Build.0 = Release|Any CPU
		{D34EBE11-3694-4D44-9673-2B2DA6F7FB55}.Debug|Any CPU.ActiveCfg = Debug|Any CPU
		{D34EBE11-3694-4D44-9673-2B2DA6F7FB55}.Debug|Any CPU.Build.0 = Debug|Any CPU
		{D34EBE11-3694-4D44-9673-2B2DA6F7FB55}.Release|Any CPU.ActiveCfg = Release|Any CPU
		{D34EBE11-3694-4D44-9673-2B2DA6F7FB55}.Release|Any CPU.Build.0 = Release|Any CPU
	EndGlobalSection
	GlobalSection(SolutionProperties) = preSolution
		HideSolutionNode = FALSE
	EndGlobalSection
	GlobalSection(ExtensibilityGlobals) = postSolution
		SolutionGuid = {B3DD8699-FD8D-407F-9ED0-FC8EF1A3F1B1}
	EndGlobalSection
EndGlobal
