
Microsoft Visual Studio Solution File, Format Version 12.00
# Visual Studio Version 17
VisualStudioVersion = 17.14.36301.6
MinimumVisualStudioVersion = 10.0.40219.1
Project("{FAE04EC0-301F-11D3-BF4B-00C04F79EFBC}") = "04.WordFilter", "04.WordFilter\04.WordFilter.csproj", "{E7938237-E879-4677-A9B6-736865F1733F}"
EndProject
Project("{FAE04EC0-301F-11D3-BF4B-00C04F79EFBC}") = "03.WordSynonyms", "03.WordSynonyms\03.WordSynonyms.csproj", "{A053E88F-7CF5-4AB5-97AD-668DE062F35B}"
EndProject
Project("{FAE04EC0-301F-11D3-BF4B-00C04F79EFBC}") = "01.CountRealNumbers", "01.CountRealNumbers\01.CountRealNumbers.csproj", "{CAE8E273-5EC4-4980-9274-661230D3C26E}"
EndProject
Project("{FAE04EC0-301F-11D3-BF4B-00C04F79EFBC}") = "02.OddOccurrences", "02.OddOccurrences\02.OddOccurrences.csproj", "{D9B93BC2-97B1-409E-ADA7-897A3EABAB87}"
EndProject
Project("{FAE04EC0-301F-11D3-BF4B-00C04F79EFBC}") = "05.CountCharsInAString", "05.CountCharsInAString\05.CountCharsInAString.csproj", "{4D6076BA-4567-4C93-9155-A2DAEC0020D9}"
EndProject
Project("{FAE04EC0-301F-11D3-BF4B-00C04F79EFBC}") = "06.AMinerTask", "06.AMinerTask\06.AMinerTask.csproj", "{AF18929E-7ED1-413D-948C-B60DCA56ED01}"
EndProject
Project("{FAE04EC0-301F-11D3-BF4B-00C04F79EFBC}") = "07.Orders", "07.Orders\07.Orders.csproj", "{A274BCFD-CBEE-421B-8D31-5FAAC006055C}"
EndProject
Project("{FAE04EC0-301F-11D3-BF4B-00C04F79EFBC}") = "08.SoftUniParking", "08.SoftUniParking\08.SoftUniParking.csproj", "{0C3679EC-C45E-4CB8-BD4E-EABA2E3801B9}"
EndProject
Project("{FAE04EC0-301F-11D3-BF4B-00C04F79EFBC}") = "09.StudentAcademy", "09.StudentAcademy\09.StudentAcademy.csproj", "{F2EFCA1B-D859-4C87-A303-5626D5EA0340}"
EndProject
Project("{FAE04EC0-301F-11D3-BF4B-00C04F79EFBC}") = "10.CompanyUsers", "10.CompanyUsers\10.CompanyUsers.csproj", "{EA30F04D-8FED-435A-8AC8-3686D07148AF}"
EndProject
Global
	GlobalSection(SolutionConfigurationPlatforms) = preSolution
		Debug|Any CPU = Debug|Any CPU
		Release|Any CPU = Release|Any CPU
	EndGlobalSection
	GlobalSection(ProjectConfigurationPlatforms) = postSolution
		{E7938237-E879-4677-A9B6-736865F1733F}.Debug|Any CPU.ActiveCfg = Debug|Any CPU
		{E7938237-E879-4677-A9B6-736865F1733F}.Debug|Any CPU.Build.0 = Debug|Any CPU
		{E7938237-E879-4677-A9B6-736865F1733F}.Release|Any CPU.ActiveCfg = Release|Any CPU
		{E7938237-E879-4677-A9B6-736865F1733F}.Release|Any CPU.Build.0 = Release|Any CPU
		{A053E88F-7CF5-4AB5-97AD-668DE062F35B}.Debug|Any CPU.ActiveCfg = Debug|Any CPU
		{A053E88F-7CF5-4AB5-97AD-668DE062F35B}.Debug|Any CPU.Build.0 = Debug|Any CPU
		{A053E88F-7CF5-4AB5-97AD-668DE062F35B}.Release|Any CPU.ActiveCfg = Release|Any CPU
		{A053E88F-7CF5-4AB5-97AD-668DE062F35B}.Release|Any CPU.Build.0 = Release|Any CPU
		{CAE8E273-5EC4-4980-9274-661230D3C26E}.Debug|Any CPU.ActiveCfg = Debug|Any CPU
		{CAE8E273-5EC4-4980-9274-661230D3C26E}.Debug|Any CPU.Build.0 = Debug|Any CPU
		{CAE8E273-5EC4-4980-9274-661230D3C26E}.Release|Any CPU.ActiveCfg = Release|Any CPU
		{CAE8E273-5EC4-4980-9274-661230D3C26E}.Release|Any CPU.Build.0 = Release|Any CPU
		{D9B93BC2-97B1-409E-ADA7-897A3EABAB87}.Debug|Any CPU.ActiveCfg = Debug|Any CPU
		{D9B93BC2-97B1-409E-ADA7-897A3EABAB87}.Debug|Any CPU.Build.0 = Debug|Any CPU
		{D9B93BC2-97B1-409E-ADA7-897A3EABAB87}.Release|Any CPU.ActiveCfg = Release|Any CPU
		{D9B93BC2-97B1-409E-ADA7-897A3EABAB87}.Release|Any CPU.Build.0 = Release|Any CPU
		{4D6076BA-4567-4C93-9155-A2DAEC0020D9}.Debug|Any CPU.ActiveCfg = Debug|Any CPU
		{4D6076BA-4567-4C93-9155-A2DAEC0020D9}.Debug|Any CPU.Build.0 = Debug|Any CPU
		{4D6076BA-4567-4C93-9155-A2DAEC0020D9}.Release|Any CPU.ActiveCfg = Release|Any CPU
		{4D6076BA-4567-4C93-9155-A2DAEC0020D9}.Release|Any CPU.Build.0 = Release|Any CPU
		{AF18929E-7ED1-413D-948C-B60DCA56ED01}.Debug|Any CPU.ActiveCfg = Debug|Any CPU
		{AF18929E-7ED1-413D-948C-B60DCA56ED01}.Debug|Any CPU.Build.0 = Debug|Any CPU
		{AF18929E-7ED1-413D-948C-B60DCA56ED01}.Release|Any CPU.ActiveCfg = Release|Any CPU
		{AF18929E-7ED1-413D-948C-B60DCA56ED01}.Release|Any CPU.Build.0 = Release|Any CPU
		{A274BCFD-CBEE-421B-8D31-5FAAC006055C}.Debug|Any CPU.ActiveCfg = Debug|Any CPU
		{A274BCFD-CBEE-421B-8D31-5FAAC006055C}.Debug|Any CPU.Build.0 = Debug|Any CPU
		{A274BCFD-CBEE-421B-8D31-5FAAC006055C}.Release|Any CPU.ActiveCfg = Release|Any CPU
		{A274BCFD-CBEE-421B-8D31-5FAAC006055C}.Release|Any CPU.Build.0 = Release|Any CPU
		{0C3679EC-C45E-4CB8-BD4E-EABA2E3801B9}.Debug|Any CPU.ActiveCfg = Debug|Any CPU
		{0C3679EC-C45E-4CB8-BD4E-EABA2E3801B9}.Debug|Any CPU.Build.0 = Debug|Any CPU
		{0C3679EC-C45E-4CB8-BD4E-EABA2E3801B9}.Release|Any CPU.ActiveCfg = Release|Any CPU
		{0C3679EC-C45E-4CB8-BD4E-EABA2E3801B9}.Release|Any CPU.Build.0 = Release|Any CPU
		{F2EFCA1B-D859-4C87-A303-5626D5EA0340}.Debug|Any CPU.ActiveCfg = Debug|Any CPU
		{F2EFCA1B-D859-4C87-A303-5626D5EA0340}.Debug|Any CPU.Build.0 = Debug|Any CPU
		{F2EFCA1B-D859-4C87-A303-5626D5EA0340}.Release|Any CPU.ActiveCfg = Release|Any CPU
		{F2EFCA1B-D859-4C87-A303-5626D5EA0340}.Release|Any CPU.Build.0 = Release|Any CPU
		{EA30F04D-8FED-435A-8AC8-3686D07148AF}.Debug|Any CPU.ActiveCfg = Debug|Any CPU
		{EA30F04D-8FED-435A-8AC8-3686D07148AF}.Debug|Any CPU.Build.0 = Debug|Any CPU
		{EA30F04D-8FED-435A-8AC8-3686D07148AF}.Release|Any CPU.ActiveCfg = Release|Any CPU
		{EA30F04D-8FED-435A-8AC8-3686D07148AF}.Release|Any CPU.Build.0 = Release|Any CPU
	EndGlobalSection
	GlobalSection(SolutionProperties) = preSolution
		HideSolutionNode = FALSE
	EndGlobalSection
	GlobalSection(ExtensibilityGlobals) = postSolution
		SolutionGuid = {5C077B2A-C949-48F8-BD54-EDC403D1E006}
	EndGlobalSection
EndGlobal
