
Microsoft Visual Studio Solution File, Format Version 12.00
# Visual Studio Version 17
VisualStudioVersion = 17.14.36301.6 d17.14
MinimumVisualStudioVersion = 10.0.40219.1
Project("{FAE04EC0-301F-11D3-BF4B-00C04F79EFBC}") = "00.Demo", "00.Demo\00.Demo.csproj", "{D32F3682-A8E4-4025-9283-5AF085849EC6}"
EndProject
Project("{FAE04EC0-301F-11D3-BF4B-00C04F79EFBC}") = "01.Songs", "01.Songs\01.Songs.csproj", "{39CFC2D9-658A-4CB9-9827-133F89F002EE}"
EndProject
Project("{FAE04EC0-301F-11D3-BF4B-00C04F79EFBC}") = "02.Student", "02.Student\02.Student.csproj", "{19FC90A9-8F39-470A-B829-1C48907D00F0}"
EndProject
Project("{FAE04EC0-301F-11D3-BF4B-00C04F79EFBC}") = "03.StoreBoxes", "03.StoreBoxes\03.StoreBoxes.csproj", "{C9DA1A70-58B2-485F-A63F-9310230681D8}"
EndProject
Project("{FAE04EC0-301F-11D3-BF4B-00C04F79EFBC}") = "04.VehicleCatalogue", "04.VehicleCatalogue\04.VehicleCatalogue.csproj", "{1834AAAA-4F72-4A94-8FA1-8A0FA3025E4F}"
EndProject
Global
	GlobalSection(SolutionConfigurationPlatforms) = preSolution
		Debug|Any CPU = Debug|Any CPU
		Release|Any CPU = Release|Any CPU
	EndGlobalSection
	GlobalSection(ProjectConfigurationPlatforms) = postSolution
		{D32F3682-A8E4-4025-9283-5AF085849EC6}.Debug|Any CPU.ActiveCfg = Debug|Any CPU
		{D32F3682-A8E4-4025-9283-5AF085849EC6}.Debug|Any CPU.Build.0 = Debug|Any CPU
		{D32F3682-A8E4-4025-9283-5AF085849EC6}.Release|Any CPU.ActiveCfg = Release|Any CPU
		{D32F3682-A8E4-4025-9283-5AF085849EC6}.Release|Any CPU.Build.0 = Release|Any CPU
		{39CFC2D9-658A-4CB9-9827-133F89F002EE}.Debug|Any CPU.ActiveCfg = Debug|Any CPU
		{39CFC2D9-658A-4CB9-9827-133F89F002EE}.Debug|Any CPU.Build.0 = Debug|Any CPU
		{39CFC2D9-658A-4CB9-9827-133F89F002EE}.Release|Any CPU.ActiveCfg = Release|Any CPU
		{39CFC2D9-658A-4CB9-9827-133F89F002EE}.Release|Any CPU.Build.0 = Release|Any CPU
		{19FC90A9-8F39-470A-B829-1C48907D00F0}.Debug|Any CPU.ActiveCfg = Debug|Any CPU
		{19FC90A9-8F39-470A-B829-1C48907D00F0}.Debug|Any CPU.Build.0 = Debug|Any CPU
		{19FC90A9-8F39-470A-B829-1C48907D00F0}.Release|Any CPU.ActiveCfg = Release|Any CPU
		{19FC90A9-8F39-470A-B829-1C48907D00F0}.Release|Any CPU.Build.0 = Release|Any CPU
		{C9DA1A70-58B2-485F-A63F-9310230681D8}.Debug|Any CPU.ActiveCfg = Debug|Any CPU
		{C9DA1A70-58B2-485F-A63F-9310230681D8}.Debug|Any CPU.Build.0 = Debug|Any CPU
		{C9DA1A70-58B2-485F-A63F-9310230681D8}.Release|Any CPU.ActiveCfg = Release|Any CPU
		{C9DA1A70-58B2-485F-A63F-9310230681D8}.Release|Any CPU.Build.0 = Release|Any CPU
		{1834AAAA-4F72-4A94-8FA1-8A0FA3025E4F}.Debug|Any CPU.ActiveCfg = Debug|Any CPU
		{1834AAAA-4F72-4A94-8FA1-8A0FA3025E4F}.Debug|Any CPU.Build.0 = Debug|Any CPU
		{1834AAAA-4F72-4A94-8FA1-8A0FA3025E4F}.Release|Any CPU.ActiveCfg = Release|Any CPU
		{1834AAAA-4F72-4A94-8FA1-8A0FA3025E4F}.Release|Any CPU.Build.0 = Release|Any CPU
	EndGlobalSection
	GlobalSection(SolutionProperties) = preSolution
		HideSolutionNode = FALSE
	EndGlobalSection
	GlobalSection(ExtensibilityGlobals) = postSolution
		SolutionGuid = {B637167C-E616-429C-97C7-30EC85420EB1}
	EndGlobalSection
EndGlobal
